
Microsoft Visual Studio Solution File, Format Version 12.00
# Visual Studio Version 17
VisualStudioVersion = 17.8.34408.163
MinimumVisualStudioVersion = 10.0.40219.1
Project("{FAE04EC0-301F-11D3-BF4B-00C04F79EFBC}") = "ConsoleApp1", "ConsoleApp1\ConsoleApp1.csproj", "{EE87DD8A-2A52-44F0-9C52-B6E73C636036}"
EndProject
Global
	GlobalSection(SolutionConfigurationPlatforms) = preSolution
		Debug|Any CPU = Debug|Any CPU
		Release|Any CPU = Release|Any CPU
	EndGlobalSection
	GlobalSection(ProjectConfigurationPlatforms) = postSolution
		{EE87DD8A-2A52-44F0-9C52-B6E73C636036}.Debug|Any CPU.ActiveCfg = Debug|Any CPU
		{EE87DD8A-2A52-44F0-9C52-B6E73C636036}.Debug|Any CPU.Build.0 = Debug|Any CPU
		{EE87DD8A-2A52-44F0-9C52-B6E73C636036}.Release|Any CPU.ActiveCfg = Release|Any CPU
		{EE87DD8A-2A52-44F0-9C52-B6E73C636036}.Release|Any CPU.Build.0 = Release|Any CPU
	EndGlobalSection
	GlobalSection(SolutionProperties) = preSolution
		HideSolutionNode = FALSE
	EndGlobalSection
	GlobalSection(ExtensibilityGlobals) = postSolution
		SolutionGuid = {CD4C3700-3B88-4FF9-8845-7CDEE11E84A4}
	EndGlobalSection
EndGlobal
